
Microsoft Visual Studio Solution File, Format Version 12.00
# Visual Studio Version 16
VisualStudioVersion = 16.0.29009.5
MinimumVisualStudioVersion = 10.0.40219.1
Project("{FAE04EC0-301F-11D3-BF4B-00C04F79EFBC}") = "CustomerInquiry", "CustomerInquiry\CustomerInquiry.csproj", "{2C6D6D07-DE89-4AA2-89D9-0BBE049D67A1}"
EndProject
Global
	GlobalSection(SolutionConfigurationPlatforms) = preSolution
		Debug|Any CPU = Debug|Any CPU
		Release|Any CPU = Release|Any CPU
	EndGlobalSection
	GlobalSection(ProjectConfigurationPlatforms) = postSolution
		{2C6D6D07-DE89-4AA2-89D9-0BBE049D67A1}.Debug|Any CPU.ActiveCfg = Debug|Any CPU
		{2C6D6D07-DE89-4AA2-89D9-0BBE049D67A1}.Debug|Any CPU.Build.0 = Debug|Any CPU
		{2C6D6D07-DE89-4AA2-89D9-0BBE049D67A1}.Release|Any CPU.ActiveCfg = Release|Any CPU
		{2C6D6D07-DE89-4AA2-89D9-0BBE049D67A1}.Release|Any CPU.Build.0 = Release|Any CPU
	EndGlobalSection
	GlobalSection(SolutionProperties) = preSolution
		HideSolutionNode = FALSE
	EndGlobalSection
	GlobalSection(ExtensibilityGlobals) = postSolution
		SolutionGuid = {124B5016-43D9-4758-8A11-BB92F0BB8988}
	EndGlobalSection
EndGlobal
